// !$*UTF8*$!
{
	archiveVersion = 1;
	classes = {
	};
	objectVersion = 46;
	objects = {

/* Begin PBXBuildFile section */
		CECDAD451D6D207A0006AD79 /* main.m in Sources */ = {isa = PBXBuildFile; fileRef = CECDAD441D6D207A0006AD79 /* main.m */; };
		CECDAD481D6D207A0006AD79 /* AppDelegate.m in Sources */ = {isa = PBXBuildFile; fileRef = CECDAD471D6D207A0006AD79 /* AppDelegate.m */; };
		CECDAD4B1D6D207A0006AD79 /* ViewController.m in Sources */ = {isa = PBXBuildFile; fileRef = CECDAD4A1D6D207A0006AD79 /* ViewController.m */; };
		CECDAD4E1D6D207A0006AD79 /* Main.storyboard in Resources */ = {isa = PBXBuildFile; fileRef = CECDAD4C1D6D207A0006AD79 /* Main.storyboard */; };
		CECDAD501D6D207A0006AD79 /* Assets.xcassets in Resources */ = {isa = PBXBuildFile; fileRef = CECDAD4F1D6D207A0006AD79 /* Assets.xcassets */; };
		CECDAD531D6D207A0006AD79 /* LaunchScreen.storyboard in Resources */ = {isa = PBXBuildFile; fileRef = CECDAD511D6D207A0006AD79 /* LaunchScreen.storyboard */; };
/* End PBXBuildFile section */

/* Begin PBXFileReference section */
		CECDAD401D6D207A0006AD79 /* Calculator.app */ = {isa = PBXFileReference; explicitFileType = wrapper.application; includeInIndex = 0; path = Calculator.app; sourceTree = BUILT_PRODUCTS_DIR; };
		CECDAD441D6D207A0006AD79 /* main.m */ = {isa = PBXFileReference; lastKnownFileType = sourcecode.c.objc; path = main.m; sourceTree = "<group>"; };
		CECDAD461D6D207A0006AD79 /* AppDelegate.h */ = {isa = PBXFileReference; lastKnownFileType = sourcecode.c.h; path = AppDelegate.h; sourceTree = "<group>"; };
		CECDAD471D6D207A0006AD79 /* AppDelegate.m */ = {isa = PBXFileReference; lastKnownFileType = sourcecode.c.objc; path = AppDelegate.m; sourceTree = "<group>"; };
		CECDAD491D6D207A0006AD79 /* ViewController.h */ = {isa = PBXFileReference; lastKnownFileType = sourcecode.c.h; path = ViewController.h; sourceTree = "<group>"; };
		CECDAD4A1D6D207A0006AD79 /* ViewController.m */ = {isa = PBXFileReference; lastKnownFileType = sourcecode.c.objc; path = ViewController.m; sourceTree = "<group>"; };
		CECDAD4D1D6D207A0006AD79 /* Base */ = {isa = PBXFileReference; lastKnownFileType = file.storyboard; name = Base; path = Base.lproj/Main.storyboard; sourceTree = "<group>"; };
		CECDAD4F1D6D207A0006AD79 /* Assets.xcassets */ = {isa = PBXFileReference; lastKnownFileType = folder.assetcatalog; path = Assets.xcassets; sourceTree = "<group>"; };
		CECDAD521D6D207A0006AD79 /* Base */ = {isa = PBXFileReference; lastKnownFileType = file.storyboard; name = Base; path = Base.lproj/LaunchScreen.storyboard; sourceTree = "<group>"; };
		CECDAD541D6D207A0006AD79 /* Info.plist */ = {isa = PBXFileReference; lastKnownFileType = text.plist.xml; path = Info.plist; sourceTree = "<group>"; };
/* End PBXFileReference section */

/* Begin PBXFrameworksBuildPhase section */
		CECDAD3D1D6D207A0006AD79 /* Frameworks */ = {
			isa = PBXFrameworksBuildPhase;
			buildActionMask = 2147483647;
			files = (
			);
			runOnlyForDeploymentPostprocessing = 0;
		};
/* End PBXFrameworksBuildPhase section */

/* Begin PBXGroup section */
		CECDAD371D6D207A0006AD79 = {
			isa = PBXGroup;
			children = (
				CECDAD421D6D207A0006AD79 /* Calculator */,
				CECDAD411D6D207A0006AD79 /* Products */,
			);
			sourceTree = "<group>";
		};
		CECDAD411D6D207A0006AD79 /* Products */ = {
			isa = PBXGroup;
			children = (
				CECDAD401D6D207A0006AD79 /* Calculator.app */,
			);
			name = Products;
			sourceTree = "<group>";
		};
		CECDAD421D6D207A0006AD79 /* Calculator */ = {
			isa = PBXGroup;
			children = (
				CECDAD461D6D207A0006AD79 /* AppDelegate.h */,
				CECDAD471D6D207A0006AD79 /* AppDelegate.m */,
				CECDAD491D6D207A0006AD79 /* ViewController.h */,
				CECDAD4A1D6D207A0006AD79 /* ViewController.m */,
				CECDAD4C1D6D207A0006AD79 /* Main.storyboard */,
				CECDAD4F1D6D207A0006AD79 /* Assets.xcassets */,
				CECDAD511D6D207A0006AD79 /* LaunchScreen.storyboard */,
				CECDAD541D6D207A0006AD79 /* Info.plist */,
				CECDAD431D6D207A0006AD79 /* Supporting Files */,
			);
			path = Calculator;
			sourceTree = "<group>";
		};
		CECDAD431D6D207A0006AD79 /* Supporting Files */ = {
			isa = PBXGroup;
			children = (
				CECDAD441D6D207A0006AD79 /* main.m */,
			);
			name = "Supporting Files";
			sourceTree = "<group>";
		};
/* End PBXGroup section */

/* Begin PBXNativeTarget section */
		CECDAD3F1D6D207A0006AD79 /* Calculator */ = {
			isa = PBXNativeTarget;
			buildConfigurationList = CECDAD571D6D207A0006AD79 /* Build configuration list for PBXNativeTarget "Calculator" */;
			buildPhases = (
				CECDAD3C1D6D207A0006AD79 /* Sources */,
				CECDAD3D1D6D207A0006AD79 /* Frameworks */,
				CECDAD3E1D6D207A0006AD79 /* Resources */,
			);
			buildRules = (
			);
			dependencies = (
			);
			name = Calculator;
			productName = Calculator;
			productReference = CECDAD401D6D207A0006AD79 /* Calculator.app */;
			productType = "com.apple.product-type.application";
		};
/* End PBXNativeTarget section */

/* Begin PBXProject section */
		CECDAD381D6D207A0006AD79 /* Project object */ = {
			isa = PBXProject;
			attributes = {
				LastUpgradeCheck = 0730;
				ORGANIZATIONNAME = "Lotte, Inc.";
				TargetAttributes = {
					CECDAD3F1D6D207A0006AD79 = {
						CreatedOnToolsVersion = 7.3.1;
					};
				};
			};
			buildConfigurationList = CECDAD3B1D6D207A0006AD79 /* Build configuration list for PBXProject "Calculator" */;
			compatibilityVersion = "Xcode 3.2";
			developmentRegion = English;
			hasScannedForEncodings = 0;
			knownRegions = (
				en,
				Base,
			);
			mainGroup = CECDAD371D6D207A0006AD79;
			productRefGroup = CECDAD411D6D207A0006AD79 /* Products */;
			projectDirPath = "";
			projectRoot = "";
			targets = (
				CECDAD3F1D6D207A0006AD79 /* Calculator */,
			);
		};
/* End PBXProject section */

/* Begin PBXResourcesBuildPhase section */
		CECDAD3E1D6D207A0006AD79 /* Resources */ = {
			isa = PBXResourcesBuildPhase;
			buildActionMask = 2147483647;
			files = (
				CECDAD531D6D207A0006AD79 /* LaunchScreen.storyboard in Resources */,
				CECDAD501D6D207A0006AD79 /* Assets.xcassets in Resources */,
				CECDAD4E1D6D207A0006AD79 /* Main.storyboard in Resources */,
			);
			runOnlyForDeploymentPostprocessing = 0;
		};
/* End PBXResourcesBuildPhase section */

/* Begin PBXSourcesBuildPhase section */
		CECDAD3C1D6D207A0006AD79 /* Sources */ = {
			isa = PBXSourcesBuildPhase;
			buildActionMask = 2147483647;
			files = (
				CECDAD4B1D6D207A0006AD79 /* ViewController.m in Sources */,
				CECDAD481D6D207A0006AD79 /* AppDelegate.m in Sources */,
				CECDAD451D6D207A0006AD79 /* main.m in Sources */,
			);
			runOnlyForDeploymentPostprocessing = 0;
		};
/* End PBXSourcesBuildPhase section */

/* Begin PBXVariantGroup section */
		CECDAD4C1D6D207A0006AD79 /* Main.storyboard */ = {
			isa = PBXVariantGroup;
			children = (
				CECDAD4D1D6D207A0006AD79 /* Base */,
			);
			name = Main.storyboard;
			sourceTree = "<group>";
		};
		CECDAD511D6D207A0006AD79 /* LaunchScreen.storyboard */ = {
			isa = PBXVariantGroup;
			children = (
				CECDAD521D6D207A0006AD79 /* Base */,
			);
			name = LaunchScreen.storyboard;
			sourceTree = "<group>";
		};
/* End PBXVariantGroup section */

/* Begin XCBuildConfiguration section */
		CECDAD551D6D207A0006AD79 /* Debug */ = {
			isa = XCBuildConfiguration;
			buildSettings = {
				ALWAYS_SEARCH_USER_PATHS = NO;
				CLANG_ANALYZER_NONNULL = YES;
				CLANG_CXX_LANGUAGE_STANDARD = "gnu++0x";
				CLANG_CXX_LIBRARY = "libc++";
				CLANG_ENABLE_MODULES = YES;
				CLANG_ENABLE_OBJC_ARC = YES;
				CLANG_WARN_BOOL_CONVERSION = YES;
				CLANG_WARN_CONSTANT_CONVERSION = YES;
				CLANG_WARN_DIRECT_OBJC_ISA_USAGE = YES_ERROR;
				CLANG_WARN_EMPTY_BODY = YES;
				CLANG_WARN_ENUM_CONVERSION = YES;
				CLANG_WARN_INT_CONVERSION = YES;
				CLANG_WARN_OBJC_ROOT_CLASS = YES_ERROR;
				CLANG_WARN_UNREACHABLE_CODE = YES;
				CLANG_WARN__DUPLICATE_METHOD_MATCH = YES;
				"CODE_SIGN_IDENTITY[sdk=iphoneos*]" = "iPhone Developer";
				COPY_PHASE_STRIP = NO;
				DEBUG_INFORMATION_FORMAT = dwarf;
				ENABLE_STRICT_OBJC_MSGSEND = YES;
				ENABLE_TESTABILITY = YES;
				GCC_C_LANGUAGE_STANDARD = gnu99;
				GCC_DYNAMIC_NO_PIC = NO;
				GCC_NO_COMMON_BLOCKS = YES;
				GCC_OPTIMIZATION_LEVEL = 0;
				GCC_PREPROCESSOR_DEFINITIONS = (
					"DEBUG=1",
					"$(inherited)",
				);
				GCC_WARN_64_TO_32_BIT_CONVERSION = YES;
				GCC_WARN_ABOUT_RETURN_TYPE = YES_ERROR;
				GCC_WARN_UNDECLARED_SELECTOR = YES;
				GCC_WARN_UNINITIALIZED_AUTOS = YES_AGGRESSIVE;
				GCC_WARN_UNUSED_FUNCTION = YES;
				GCC_WARN_UNUSED_VARIABLE = YES;
				IPHONEOS_DEPLOYMENT_TARGET = 9.3;
				MTL_ENABLE_DEBUG_INFO = YES;
				ONLY_ACTIVE_ARCH = YES;
				SDKROOT = iphoneos;
			};
			name = Debug;
		};
		CECDAD561D6D207A0006AD79 /* Release */ = {
			isa = XCBuildConfiguration;
			buildSettings = {
				ALWAYS_SEARCH_USER_PATHS = NO;
				CLANG_ANALYZER_NONNULL = YES;
				CLANG_CXX_LANGUAGE_STANDARD = "gnu++0x";
				CLANG_CXX_LIBRARY = "libc++";
				CLANG_ENABLE_MODULES = YES;
				CLANG_ENABLE_OBJC_ARC = YES;
				CLANG_WARN_BOOL_CONVERSION = YES;
				CLANG_WARN_CONSTANT_CONVERSION = YES;
				CLANG_WARN_DIRECT_OBJC_ISA_USAGE = YES_ERROR;
				CLANG_WARN_EMPTY_BODY = YES;
				CLANG_WARN_ENUM_CONVERSION = YES;
				CLANG_WARN_INT_CONVERSION = YES;
				CLANG_WARN_OBJC_ROOT_CLASS = YES_ERROR;
				CLANG_WARN_UNREACHABLE_CODE = YES;
				CLANG_WARN__DUPLICATE_METHOD_MATCH = YES;
				"CODE_SIGN_IDENTITY[sdk=iphoneos*]" = "iPhone Developer";
				COPY_PHASE_STRIP = NO;
				DEBUG_INFORMATION_FORMAT = "dwarf-with-dsym";
				ENABLE_NS_ASSERTIONS = NO;
				ENABLE_STRICT_OBJC_MSGSEND = YES;
				GCC_C_LANGUAGE_STANDARD = gnu99;
				GCC_NO_COMMON_BLOCKS = YES;
				GCC_WARN_64_TO_32_BIT_CONVERSION = YES;
				GCC_WARN_ABOUT_RETURN_TYPE = YES_ERROR;
				GCC_WARN_UNDECLARED_SELECTOR = YES;
				GCC_WARN_UNINITIALIZED_AUTOS = YES_AGGRESSIVE;
				GCC_WARN_UNUSED_FUNCTION = YES;
				GCC_WARN_UNUSED_VARIABLE = YES;
				IPHONEOS_DEPLOYMENT_TARGET = 9.3;
				MTL_ENABLE_DEBUG_INFO = NO;
				SDKROOT = iphoneos;
				VALIDATE_PRODUCT = YES;
			};
			name = Release;
		};
		CECDAD581D6D207A0006AD79 /* Debug */ = {
			isa = XCBuildConfiguration;
			buildSettings = {
				ASSETCATALOG_COMPILER_APPICON_NAME = AppIcon;
				INFOPLIST_FILE = Calculator/Info.plist;
				LD_RUNPATH_SEARCH_PATHS = "$(inherited) @executable_path/Frameworks";
				PRODUCT_BUNDLE_IDENTIFIER = com.lottemart.Calculator;
				PRODUCT_NAME = "$(TARGET_NAME)";
			};
			name = Debug;
		};
		CECDAD591D6D207A0006AD79 /* Release */ = {
			isa = XCBuildConfiguration;
			buildSettings = {
				ASSETCATALOG_COMPILER_APPICON_NAME = AppIcon;
				INFOPLIST_FILE = Calculator/Info.plist;
				LD_RUNPATH_SEARCH_PATHS = "$(inherited) @executable_path/Frameworks";
				PRODUCT_BUNDLE_IDENTIFIER = com.lottemart.Calculator;
				PRODUCT_NAME = "$(TARGET_NAME)";
			};
			name = Release;
		};
/* End XCBuildConfiguration section */

/* Begin XCConfigurationList section */
		CECDAD3B1D6D207A0006AD79 /* Build configuration list for PBXProject "Calculator" */ = {
			isa = XCConfigurationList;
			buildConfigurations = (
				CECDAD551D6D207A0006AD79 /* Debug */,
				CECDAD561D6D207A0006AD79 /* Release */,
			);
			defaultConfigurationIsVisible = 0;
			defaultConfigurationName = Release;
		};
		CECDAD571D6D207A0006AD79 /* Build configuration list for PBXNativeTarget "Calculator" */ = {
			isa = XCConfigurationList;
			buildConfigurations = (
				CECDAD581D6D207A0006AD79 /* Debug */,
				CECDAD591D6D207A0006AD79 /* Release */,
			);
			defaultConfigurationIsVisible = 0;
		};
/* End XCConfigurationList section */
	};
	rootObject = CECDAD381D6D207A0006AD79 /* Project object */;
}
